
Microsoft Visual Studio Solution File, Format Version 12.00
# Visual Studio Version 16
VisualStudioVersion = 16.0.31402.337
MinimumVisualStudioVersion = 10.0.40219.1
Project("{FAE04EC0-301F-11D3-BF4B-00C04F79EFBC}") = "PersonalRegister", "PersonalRegister\PersonalRegister.csproj", "{C006BC28-3161-446B-867E-16654AB7D8B1}"
EndProject
Global
	GlobalSection(SolutionConfigurationPlatforms) = preSolution
		Debug|Any CPU = Debug|Any CPU
		Release|Any CPU = Release|Any CPU
	EndGlobalSection
	GlobalSection(ProjectConfigurationPlatforms) = postSolution
		{C006BC28-3161-446B-867E-16654AB7D8B1}.Debug|Any CPU.ActiveCfg = Debug|Any CPU
		{C006BC28-3161-446B-867E-16654AB7D8B1}.Debug|Any CPU.Build.0 = Debug|Any CPU
		{C006BC28-3161-446B-867E-16654AB7D8B1}.Release|Any CPU.ActiveCfg = Release|Any CPU
		{C006BC28-3161-446B-867E-16654AB7D8B1}.Release|Any CPU.Build.0 = Release|Any CPU
	EndGlobalSection
	GlobalSection(SolutionProperties) = preSolution
		HideSolutionNode = FALSE
	EndGlobalSection
	GlobalSection(ExtensibilityGlobals) = postSolution
		SolutionGuid = {ED8CE6F9-B425-42AB-A1ED-585A6AA79D16}
	EndGlobalSection
EndGlobal
